// !$*UTF8*$!
{
	archiveVersion = 1;
	classes = {
	};
	objectVersion = 50;
	objects = {

/* Begin PBXBuildFile section */
		5888595723FFBD3A003D974F /* VideoConsumptionPageViewController.swift in Sources */ = {isa = PBXBuildFile; fileRef = 5888595623FFBD3A003D974F /* VideoConsumptionPageViewController.swift */; };
		5888595923FFBF7C003D974F /* VideoViewController.swift in Sources */ = {isa = PBXBuildFile; fileRef = 5888595823FFBF7C003D974F /* VideoViewController.swift */; };
		5888596623FFE0B3003D974F /* Strings.swift in Sources */ = {isa = PBXBuildFile; fileRef = 5888596523FFE0B3003D974F /* Strings.swift */; };
		5888596A23FFF975003D974F /* HomePageCollectionViewCell.swift in Sources */ = {isa = PBXBuildFile; fileRef = 5888596923FFF975003D974F /* HomePageCollectionViewCell.swift */; };
		58EE0B3823FE58F10063E3FE /* PersistenceManager.swift in Sources */ = {isa = PBXBuildFile; fileRef = 58EE0B3723FE58F10063E3FE /* PersistenceManager.swift */; };
		58EE0B3B23FEAD0B0063E3FE /* ImageStore.xcdatamodeld in Sources */ = {isa = PBXBuildFile; fileRef = 58EE0B3923FEAD0B0063E3FE /* ImageStore.xcdatamodeld */; };
		58F87E6A23FDAA5100FAFDCF /* AppDelegate.swift in Sources */ = {isa = PBXBuildFile; fileRef = 58F87E6923FDAA5100FAFDCF /* AppDelegate.swift */; };
		58F87E6C23FDAA5100FAFDCF /* SceneDelegate.swift in Sources */ = {isa = PBXBuildFile; fileRef = 58F87E6B23FDAA5100FAFDCF /* SceneDelegate.swift */; };
		58F87E6E23FDAA5100FAFDCF /* HomeViewController.swift in Sources */ = {isa = PBXBuildFile; fileRef = 58F87E6D23FDAA5100FAFDCF /* HomeViewController.swift */; };
		58F87E7123FDAA5100FAFDCF /* Main.storyboard in Resources */ = {isa = PBXBuildFile; fileRef = 58F87E6F23FDAA5100FAFDCF /* Main.storyboard */; };
		58F87E7323FDAA5700FAFDCF /* Assets.xcassets in Resources */ = {isa = PBXBuildFile; fileRef = 58F87E7223FDAA5700FAFDCF /* Assets.xcassets */; };
		58F87E7623FDAA5700FAFDCF /* LaunchScreen.storyboard in Resources */ = {isa = PBXBuildFile; fileRef = 58F87E7423FDAA5700FAFDCF /* LaunchScreen.storyboard */; };
		58F87E8023FDB33C00FAFDCF /* HomePageTableViewCell.swift in Sources */ = {isa = PBXBuildFile; fileRef = 58F87E7F23FDB33C00FAFDCF /* HomePageTableViewCell.swift */; };
		58F87E8223FDBCA100FAFDCF /* HomeScreenViewModel.swift in Sources */ = {isa = PBXBuildFile; fileRef = 58F87E8123FDBCA100FAFDCF /* HomeScreenViewModel.swift */; };
		58F87E8423FDBD6D00FAFDCF /* HomeVideoModel.swift in Sources */ = {isa = PBXBuildFile; fileRef = 58F87E8323FDBD6D00FAFDCF /* HomeVideoModel.swift */; };
		58F87E8623FDBDE400FAFDCF /* assignment.json in Resources */ = {isa = PBXBuildFile; fileRef = 58F87E8523FDBDE400FAFDCF /* assignment.json */; };
		58F87E8823FDC2A700FAFDCF /* ViewCustomizationUtils.swift in Sources */ = {isa = PBXBuildFile; fileRef = 58F87E8723FDC2A700FAFDCF /* ViewCustomizationUtils.swift */; };
/* End PBXBuildFile section */

/* Begin PBXFileReference section */
		5888595623FFBD3A003D974F /* VideoConsumptionPageViewController.swift */ = {isa = PBXFileReference; lastKnownFileType = sourcecode.swift; path = VideoConsumptionPageViewController.swift; sourceTree = "<group>"; };
		5888595823FFBF7C003D974F /* VideoViewController.swift */ = {isa = PBXFileReference; lastKnownFileType = sourcecode.swift; path = VideoViewController.swift; sourceTree = "<group>"; };
		5888596523FFE0B3003D974F /* Strings.swift */ = {isa = PBXFileReference; lastKnownFileType = sourcecode.swift; path = Strings.swift; sourceTree = "<group>"; };
		5888596923FFF975003D974F /* HomePageCollectionViewCell.swift */ = {isa = PBXFileReference; fileEncoding = 4; lastKnownFileType = sourcecode.swift; path = HomePageCollectionViewCell.swift; sourceTree = "<group>"; };
		58EE0B3723FE58F10063E3FE /* PersistenceManager.swift */ = {isa = PBXFileReference; lastKnownFileType = sourcecode.swift; path = PersistenceManager.swift; sourceTree = "<group>"; };
		58EE0B3A23FEAD0B0063E3FE /* ImageStore.xcdatamodel */ = {isa = PBXFileReference; lastKnownFileType = wrapper.xcdatamodel; path = ImageStore.xcdatamodel; sourceTree = "<group>"; };
		58F87E6623FDAA5100FAFDCF /* SilverLabsAssignment.app */ = {isa = PBXFileReference; explicitFileType = wrapper.application; includeInIndex = 0; path = SilverLabsAssignment.app; sourceTree = BUILT_PRODUCTS_DIR; };
		58F87E6923FDAA5100FAFDCF /* AppDelegate.swift */ = {isa = PBXFileReference; lastKnownFileType = sourcecode.swift; path = AppDelegate.swift; sourceTree = "<group>"; };
		58F87E6B23FDAA5100FAFDCF /* SceneDelegate.swift */ = {isa = PBXFileReference; lastKnownFileType = sourcecode.swift; path = SceneDelegate.swift; sourceTree = "<group>"; };
		58F87E6D23FDAA5100FAFDCF /* HomeViewController.swift */ = {isa = PBXFileReference; lastKnownFileType = sourcecode.swift; path = HomeViewController.swift; sourceTree = "<group>"; };
		58F87E7023FDAA5100FAFDCF /* Base */ = {isa = PBXFileReference; lastKnownFileType = file.storyboard; name = Base; path = Base.lproj/Main.storyboard; sourceTree = "<group>"; };
		58F87E7223FDAA5700FAFDCF /* Assets.xcassets */ = {isa = PBXFileReference; lastKnownFileType = folder.assetcatalog; path = Assets.xcassets; sourceTree = "<group>"; };
		58F87E7523FDAA5700FAFDCF /* Base */ = {isa = PBXFileReference; lastKnownFileType = file.storyboard; name = Base; path = Base.lproj/LaunchScreen.storyboard; sourceTree = "<group>"; };
		58F87E7723FDAA5700FAFDCF /* Info.plist */ = {isa = PBXFileReference; lastKnownFileType = text.plist.xml; path = Info.plist; sourceTree = "<group>"; };
		58F87E7F23FDB33C00FAFDCF /* HomePageTableViewCell.swift */ = {isa = PBXFileReference; lastKnownFileType = sourcecode.swift; path = HomePageTableViewCell.swift; sourceTree = "<group>"; };
		58F87E8123FDBCA100FAFDCF /* HomeScreenViewModel.swift */ = {isa = PBXFileReference; lastKnownFileType = sourcecode.swift; path = HomeScreenViewModel.swift; sourceTree = "<group>"; };
		58F87E8323FDBD6D00FAFDCF /* HomeVideoModel.swift */ = {isa = PBXFileReference; lastKnownFileType = sourcecode.swift; path = HomeVideoModel.swift; sourceTree = "<group>"; };
		58F87E8523FDBDE400FAFDCF /* assignment.json */ = {isa = PBXFileReference; fileEncoding = 4; lastKnownFileType = text.json; path = assignment.json; sourceTree = "<group>"; };
		58F87E8723FDC2A700FAFDCF /* ViewCustomizationUtils.swift */ = {isa = PBXFileReference; lastKnownFileType = sourcecode.swift; path = ViewCustomizationUtils.swift; sourceTree = "<group>"; };
/* End PBXFileReference section */

/* Begin PBXFrameworksBuildPhase section */
		58F87E6323FDAA5100FAFDCF /* Frameworks */ = {
			isa = PBXFrameworksBuildPhase;
			buildActionMask = 2147483647;
			files = (
			);
			runOnlyForDeploymentPostprocessing = 0;
		};
/* End PBXFrameworksBuildPhase section */

/* Begin PBXGroup section */
		5888595A23FFD711003D974F /* ViewController */ = {
			isa = PBXGroup;
			children = (
				5888595823FFBF7C003D974F /* VideoViewController.swift */,
				5888595623FFBD3A003D974F /* VideoConsumptionPageViewController.swift */,
				58F87E6D23FDAA5100FAFDCF /* HomeViewController.swift */,
			);
			path = ViewController;
			sourceTree = "<group>";
		};
		5888595B23FFD722003D974F /* Views */ = {
			isa = PBXGroup;
			children = (
				5888595A23FFD711003D974F /* ViewController */,
				5888595D23FFD760003D974F /* View */,
			);
			path = Views;
			sourceTree = "<group>";
		};
		5888595C23FFD734003D974F /* ViewModel */ = {
			isa = PBXGroup;
			children = (
				58F87E8123FDBCA100FAFDCF /* HomeScreenViewModel.swift */,
			);
			path = ViewModel;
			sourceTree = "<group>";
		};
		5888595D23FFD760003D974F /* View */ = {
			isa = PBXGroup;
			children = (
				5888596923FFF975003D974F /* HomePageCollectionViewCell.swift */,
				58F87E7F23FDB33C00FAFDCF /* HomePageTableViewCell.swift */,
			);
			path = View;
			sourceTree = "<group>";
		};
		5888595E23FFD770003D974F /* Model */ = {
			isa = PBXGroup;
			children = (
				58F87E8323FDBD6D00FAFDCF /* HomeVideoModel.swift */,
			);
			path = Model;
			sourceTree = "<group>";
		};
		5888595F23FFD77B003D974F /* Application */ = {
			isa = PBXGroup;
			children = (
				58F87E6923FDAA5100FAFDCF /* AppDelegate.swift */,
				58F87E6B23FDAA5100FAFDCF /* SceneDelegate.swift */,
			);
			path = Application;
			sourceTree = "<group>";
		};
		5888596023FFD78F003D974F /* Resources */ = {
			isa = PBXGroup;
			children = (
				5888596223FFD7CD003D974F /* DataStorage */,
				5888596123FFD7BC003D974F /* Storyboard */,
				58F87E7223FDAA5700FAFDCF /* Assets.xcassets */,
				58F87E8523FDBDE400FAFDCF /* assignment.json */,
			);
			path = Resources;
			sourceTree = "<group>";
		};
		5888596123FFD7BC003D974F /* Storyboard */ = {
			isa = PBXGroup;
			children = (
				58F87E6F23FDAA5100FAFDCF /* Main.storyboard */,
				58F87E7423FDAA5700FAFDCF /* LaunchScreen.storyboard */,
			);
			path = Storyboard;
			sourceTree = "<group>";
		};
		5888596223FFD7CD003D974F /* DataStorage */ = {
			isa = PBXGroup;
			children = (
				58EE0B3723FE58F10063E3FE /* PersistenceManager.swift */,
				58EE0B3923FEAD0B0063E3FE /* ImageStore.xcdatamodeld */,
			);
			path = DataStorage;
			sourceTree = "<group>";
		};
		5888596323FFD7F5003D974F /* Utilities */ = {
			isa = PBXGroup;
			children = (
				5888596423FFD800003D974F /* Extension */,
				5888596523FFE0B3003D974F /* Strings.swift */,
			);
			path = Utilities;
			sourceTree = "<group>";
		};
		5888596423FFD800003D974F /* Extension */ = {
			isa = PBXGroup;
			children = (
				58F87E8723FDC2A700FAFDCF /* ViewCustomizationUtils.swift */,
			);
			path = Extension;
			sourceTree = "<group>";
		};
		58F87E5D23FDAA5100FAFDCF = {
			isa = PBXGroup;
			children = (
				58F87E6823FDAA5100FAFDCF /* SilverLabsAssignment */,
				58F87E6723FDAA5100FAFDCF /* Products */,
			);
			sourceTree = "<group>";
		};
		58F87E6723FDAA5100FAFDCF /* Products */ = {
			isa = PBXGroup;
			children = (
				58F87E6623FDAA5100FAFDCF /* SilverLabsAssignment.app */,
			);
			name = Products;
			sourceTree = "<group>";
		};
		58F87E6823FDAA5100FAFDCF /* SilverLabsAssignment */ = {
			isa = PBXGroup;
			children = (
				5888595F23FFD77B003D974F /* Application */,
				5888595E23FFD770003D974F /* Model */,
				5888595B23FFD722003D974F /* Views */,
				5888595C23FFD734003D974F /* ViewModel */,
				5888596023FFD78F003D974F /* Resources */,
				5888596323FFD7F5003D974F /* Utilities */,
				58F87E7723FDAA5700FAFDCF /* Info.plist */,
			);
			path = SilverLabsAssignment;
			sourceTree = "<group>";
		};
/* End PBXGroup section */

/* Begin PBXNativeTarget section */
		58F87E6523FDAA5100FAFDCF /* SilverLabsAssignment */ = {
			isa = PBXNativeTarget;
			buildConfigurationList = 58F87E7A23FDAA5700FAFDCF /* Build configuration list for PBXNativeTarget "SilverLabsAssignment" */;
			buildPhases = (
				58F87E6223FDAA5100FAFDCF /* Sources */,
				58F87E6323FDAA5100FAFDCF /* Frameworks */,
				58F87E6423FDAA5100FAFDCF /* Resources */,
			);
			buildRules = (
			);
			dependencies = (
			);
			name = SilverLabsAssignment;
			productName = SilverLabsAssignment;
			productReference = 58F87E6623FDAA5100FAFDCF /* SilverLabsAssignment.app */;
			productType = "com.apple.product-type.application";
		};
/* End PBXNativeTarget section */

/* Begin PBXProject section */
		58F87E5E23FDAA5100FAFDCF /* Project object */ = {
			isa = PBXProject;
			attributes = {
				LastSwiftUpdateCheck = 1120;
				LastUpgradeCheck = 1120;
				ORGANIZATIONNAME = "Rakesh Rayannavar";
				TargetAttributes = {
					58F87E6523FDAA5100FAFDCF = {
						CreatedOnToolsVersion = 11.2;
					};
				};
			};
			buildConfigurationList = 58F87E6123FDAA5100FAFDCF /* Build configuration list for PBXProject "SilverLabsAssignment" */;
			compatibilityVersion = "Xcode 9.3";
			developmentRegion = en;
			hasScannedForEncodings = 0;
			knownRegions = (
				en,
				Base,
			);
			mainGroup = 58F87E5D23FDAA5100FAFDCF;
			productRefGroup = 58F87E6723FDAA5100FAFDCF /* Products */;
			projectDirPath = "";
			projectRoot = "";
			targets = (
				58F87E6523FDAA5100FAFDCF /* SilverLabsAssignment */,
			);
		};
/* End PBXProject section */

/* Begin PBXResourcesBuildPhase section */
		58F87E6423FDAA5100FAFDCF /* Resources */ = {
			isa = PBXResourcesBuildPhase;
			buildActionMask = 2147483647;
			files = (
				58F87E8623FDBDE400FAFDCF /* assignment.json in Resources */,
				58F87E7623FDAA5700FAFDCF /* LaunchScreen.storyboard in Resources */,
				58F87E7323FDAA5700FAFDCF /* Assets.xcassets in Resources */,
				58F87E7123FDAA5100FAFDCF /* Main.storyboard in Resources */,
			);
			runOnlyForDeploymentPostprocessing = 0;
		};
/* End PBXResourcesBuildPhase section */

/* Begin PBXSourcesBuildPhase section */
		58F87E6223FDAA5100FAFDCF /* Sources */ = {
			isa = PBXSourcesBuildPhase;
			buildActionMask = 2147483647;
			files = (
				58F87E8023FDB33C00FAFDCF /* HomePageTableViewCell.swift in Sources */,
				58F87E8223FDBCA100FAFDCF /* HomeScreenViewModel.swift in Sources */,
				5888596A23FFF975003D974F /* HomePageCollectionViewCell.swift in Sources */,
				5888595923FFBF7C003D974F /* VideoViewController.swift in Sources */,
				58F87E6E23FDAA5100FAFDCF /* HomeViewController.swift in Sources */,
				58F87E8823FDC2A700FAFDCF /* ViewCustomizationUtils.swift in Sources */,
				58F87E8423FDBD6D00FAFDCF /* HomeVideoModel.swift in Sources */,
				5888596623FFE0B3003D974F /* Strings.swift in Sources */,
				58EE0B3823FE58F10063E3FE /* PersistenceManager.swift in Sources */,
				58F87E6A23FDAA5100FAFDCF /* AppDelegate.swift in Sources */,
				58F87E6C23FDAA5100FAFDCF /* SceneDelegate.swift in Sources */,
				58EE0B3B23FEAD0B0063E3FE /* ImageStore.xcdatamodeld in Sources */,
				5888595723FFBD3A003D974F /* VideoConsumptionPageViewController.swift in Sources */,
			);
			runOnlyForDeploymentPostprocessing = 0;
		};
/* End PBXSourcesBuildPhase section */

/* Begin PBXVariantGroup section */
		58F87E6F23FDAA5100FAFDCF /* Main.storyboard */ = {
			isa = PBXVariantGroup;
			children = (
				58F87E7023FDAA5100FAFDCF /* Base */,
			);
			name = Main.storyboard;
			sourceTree = "<group>";
		};
		58F87E7423FDAA5700FAFDCF /* LaunchScreen.storyboard */ = {
			isa = PBXVariantGroup;
			children = (
				58F87E7523FDAA5700FAFDCF /* Base */,
			);
			name = LaunchScreen.storyboard;
			sourceTree = "<group>";
		};
/* End PBXVariantGroup section */

/* Begin XCBuildConfiguration section */
		58F87E7823FDAA5700FAFDCF /* Debug */ = {
			isa = XCBuildConfiguration;
			buildSettings = {
				ALWAYS_SEARCH_USER_PATHS = NO;
				CLANG_ANALYZER_NONNULL = YES;
				CLANG_ANALYZER_NUMBER_OBJECT_CONVERSION = YES_AGGRESSIVE;
				CLANG_CXX_LANGUAGE_STANDARD = "gnu++14";
				CLANG_CXX_LIBRARY = "libc++";
				CLANG_ENABLE_MODULES = YES;
				CLANG_ENABLE_OBJC_ARC = YES;
				CLANG_ENABLE_OBJC_WEAK = YES;
				CLANG_WARN_BLOCK_CAPTURE_AUTORELEASING = YES;
				CLANG_WARN_BOOL_CONVERSION = YES;
				CLANG_WARN_COMMA = YES;
				CLANG_WARN_CONSTANT_CONVERSION = YES;
				CLANG_WARN_DEPRECATED_OBJC_IMPLEMENTATIONS = YES;
				CLANG_WARN_DIRECT_OBJC_ISA_USAGE = YES_ERROR;
				CLANG_WARN_DOCUMENTATION_COMMENTS = YES;
				CLANG_WARN_EMPTY_BODY = YES;
				CLANG_WARN_ENUM_CONVERSION = YES;
				CLANG_WARN_INFINITE_RECURSION = YES;
				CLANG_WARN_INT_CONVERSION = YES;
				CLANG_WARN_NON_LITERAL_NULL_CONVERSION = YES;
				CLANG_WARN_OBJC_IMPLICIT_RETAIN_SELF = YES;
				CLANG_WARN_OBJC_LITERAL_CONVERSION = YES;
				CLANG_WARN_OBJC_ROOT_CLASS = YES_ERROR;
				CLANG_WARN_RANGE_LOOP_ANALYSIS = YES;
				CLANG_WARN_STRICT_PROTOTYPES = YES;
				CLANG_WARN_SUSPICIOUS_MOVE = YES;
				CLANG_WARN_UNGUARDED_AVAILABILITY = YES_AGGRESSIVE;
				CLANG_WARN_UNREACHABLE_CODE = YES;
				CLANG_WARN__DUPLICATE_METHOD_MATCH = YES;
				COPY_PHASE_STRIP = NO;
				DEBUG_INFORMATION_FORMAT = dwarf;
				ENABLE_STRICT_OBJC_MSGSEND = YES;
				ENABLE_TESTABILITY = YES;
				GCC_C_LANGUAGE_STANDARD = gnu11;
				GCC_DYNAMIC_NO_PIC = NO;
				GCC_NO_COMMON_BLOCKS = YES;
				GCC_OPTIMIZATION_LEVEL = 0;
				GCC_PREPROCESSOR_DEFINITIONS = (
					"DEBUG=1",
					"$(inherited)",
				);
				GCC_WARN_64_TO_32_BIT_CONVERSION = YES;
				GCC_WARN_ABOUT_RETURN_TYPE = YES_ERROR;
				GCC_WARN_UNDECLARED_SELECTOR = YES;
				GCC_WARN_UNINITIALIZED_AUTOS = YES_AGGRESSIVE;
				GCC_WARN_UNUSED_FUNCTION = YES;
				GCC_WARN_UNUSED_VARIABLE = YES;
				IPHONEOS_DEPLOYMENT_TARGET = 13.2;
				MTL_ENABLE_DEBUG_INFO = INCLUDE_SOURCE;
				MTL_FAST_MATH = YES;
				ONLY_ACTIVE_ARCH = YES;
				SDKROOT = iphoneos;
				SWIFT_ACTIVE_COMPILATION_CONDITIONS = DEBUG;
				SWIFT_OPTIMIZATION_LEVEL = "-Onone";
			};
			name = Debug;
		};
		58F87E7923FDAA5700FAFDCF /* Release */ = {
			isa = XCBuildConfiguration;
			buildSettings = {
				ALWAYS_SEARCH_USER_PATHS = NO;
				CLANG_ANALYZER_NONNULL = YES;
				CLANG_ANALYZER_NUMBER_OBJECT_CONVERSION = YES_AGGRESSIVE;
				CLANG_CXX_LANGUAGE_STANDARD = "gnu++14";
				CLANG_CXX_LIBRARY = "libc++";
				CLANG_ENABLE_MODULES = YES;
				CLANG_ENABLE_OBJC_ARC = YES;
				CLANG_ENABLE_OBJC_WEAK = YES;
				CLANG_WARN_BLOCK_CAPTURE_AUTORELEASING = YES;
				CLANG_WARN_BOOL_CONVERSION = YES;
				CLANG_WARN_COMMA = YES;
				CLANG_WARN_CONSTANT_CONVERSION = YES;
				CLANG_WARN_DEPRECATED_OBJC_IMPLEMENTATIONS = YES;
				CLANG_WARN_DIRECT_OBJC_ISA_USAGE = YES_ERROR;
				CLANG_WARN_DOCUMENTATION_COMMENTS = YES;
				CLANG_WARN_EMPTY_BODY = YES;
				CLANG_WARN_ENUM_CONVERSION = YES;
				CLANG_WARN_INFINITE_RECURSION = YES;
				CLANG_WARN_INT_CONVERSION = YES;
				CLANG_WARN_NON_LITERAL_NULL_CONVERSION = YES;
				CLANG_WARN_OBJC_IMPLICIT_RETAIN_SELF = YES;
				CLANG_WARN_OBJC_LITERAL_CONVERSION = YES;
				CLANG_WARN_OBJC_ROOT_CLASS = YES_ERROR;
				CLANG_WARN_RANGE_LOOP_ANALYSIS = YES;
				CLANG_WARN_STRICT_PROTOTYPES = YES;
				CLANG_WARN_SUSPICIOUS_MOVE = YES;
				CLANG_WARN_UNGUARDED_AVAILABILITY = YES_AGGRESSIVE;
				CLANG_WARN_UNREACHABLE_CODE = YES;
				CLANG_WARN__DUPLICATE_METHOD_MATCH = YES;
				COPY_PHASE_STRIP = NO;
				DEBUG_INFORMATION_FORMAT = "dwarf-with-dsym";
				ENABLE_NS_ASSERTIONS = NO;
				ENABLE_STRICT_OBJC_MSGSEND = YES;
				GCC_C_LANGUAGE_STANDARD = gnu11;
				GCC_NO_COMMON_BLOCKS = YES;
				GCC_WARN_64_TO_32_BIT_CONVERSION = YES;
				GCC_WARN_ABOUT_RETURN_TYPE = YES_ERROR;
				GCC_WARN_UNDECLARED_SELECTOR = YES;
				GCC_WARN_UNINITIALIZED_AUTOS = YES_AGGRESSIVE;
				GCC_WARN_UNUSED_FUNCTION = YES;
				GCC_WARN_UNUSED_VARIABLE = YES;
				IPHONEOS_DEPLOYMENT_TARGET = 13.2;
				MTL_ENABLE_DEBUG_INFO = NO;
				MTL_FAST_MATH = YES;
				SDKROOT = iphoneos;
				SWIFT_COMPILATION_MODE = wholemodule;
				SWIFT_OPTIMIZATION_LEVEL = "-O";
				VALIDATE_PRODUCT = YES;
			};
			name = Release;
		};
		58F87E7B23FDAA5700FAFDCF /* Debug */ = {
			isa = XCBuildConfiguration;
			buildSettings = {
				ASSETCATALOG_COMPILER_APPICON_NAME = AppIcon;
				CODE_SIGN_STYLE = Automatic;
				DEVELOPMENT_TEAM = MWA8RU97PY;
				INFOPLIST_FILE = SilverLabsAssignment/Info.plist;
				LD_RUNPATH_SEARCH_PATHS = (
					"$(inherited)",
					"@executable_path/Frameworks",
				);
				PRODUCT_BUNDLE_IDENTIFIER = com.twitter.rakesh.SilverLabsAssignment;
				PRODUCT_NAME = "$(TARGET_NAME)";
				SWIFT_VERSION = 5.0;
				TARGETED_DEVICE_FAMILY = "1,2";
			};
			name = Debug;
		};
		58F87E7C23FDAA5700FAFDCF /* Release */ = {
			isa = XCBuildConfiguration;
			buildSettings = {
				ASSETCATALOG_COMPILER_APPICON_NAME = AppIcon;
				CODE_SIGN_STYLE = Automatic;
				DEVELOPMENT_TEAM = MWA8RU97PY;
				INFOPLIST_FILE = SilverLabsAssignment/Info.plist;
				LD_RUNPATH_SEARCH_PATHS = (
					"$(inherited)",
					"@executable_path/Frameworks",
				);
				PRODUCT_BUNDLE_IDENTIFIER = com.twitter.rakesh.SilverLabsAssignment;
				PRODUCT_NAME = "$(TARGET_NAME)";
				SWIFT_VERSION = 5.0;
				TARGETED_DEVICE_FAMILY = "1,2";
			};
			name = Release;
		};
/* End XCBuildConfiguration section */

/* Begin XCConfigurationList section */
		58F87E6123FDAA5100FAFDCF /* Build configuration list for PBXProject "SilverLabsAssignment" */ = {
			isa = XCConfigurationList;
			buildConfigurations = (
				58F87E7823FDAA5700FAFDCF /* Debug */,
				58F87E7923FDAA5700FAFDCF /* Release */,
			);
			defaultConfigurationIsVisible = 0;
			defaultConfigurationName = Release;
		};
		58F87E7A23FDAA5700FAFDCF /* Build configuration list for PBXNativeTarget "SilverLabsAssignment" */ = {
			isa = XCConfigurationList;
			buildConfigurations = (
				58F87E7B23FDAA5700FAFDCF /* Debug */,
				58F87E7C23FDAA5700FAFDCF /* Release */,
			);
			defaultConfigurationIsVisible = 0;
			defaultConfigurationName = Release;
		};
/* End XCConfigurationList section */

/* Begin XCVersionGroup section */
		58EE0B3923FEAD0B0063E3FE /* ImageStore.xcdatamodeld */ = {
			isa = XCVersionGroup;
			children = (
				58EE0B3A23FEAD0B0063E3FE /* ImageStore.xcdatamodel */,
			);
			currentVersion = 58EE0B3A23FEAD0B0063E3FE /* ImageStore.xcdatamodel */;
			path = ImageStore.xcdatamodeld;
			sourceTree = "<group>";
			versionGroupType = wrapper.xcdatamodel;
		};
/* End XCVersionGroup section */
	};
	rootObject = 58F87E5E23FDAA5100FAFDCF /* Project object */;
}
